[root]
name = "pinyin"
version = "0.1.0"
dependencies = [
 "lazy_static 0.1.10 (registry+https://github.com/rust-lang/crates.io-index)",
 "regex 0.1.33 (registry+https://github.com/rust-lang/crates.io-index)",
]

[[package]]
name = "lazy_static"
version = "0.1.10"
source = "registry+https://github.com/rust-lang/crates.io-index"

[[package]]
name = "regex"
version = "0.1.33"
source = "registry+https://github.com/rust-lang/crates.io-index"
dependencies = [
 "regex-syntax 0.1.1 (registry+https://github.com/rust-lang/crates.io-index)",
]

[[package]]
name = "regex-syntax"
version = "0.1.1"
source = "registry+https://github.com/rust-lang/crates.io-index"

